
Microsoft Visual Studio Solution File, Format Version 12.00
# Visual Studio 15
VisualStudioVersion = 15.0.28307.1022
MinimumVisualStudioVersion = 10.0.40219.1
Project("{8BC9CEB8-8B4A-11D0-8D11-00A0C91BC942}") = "ransom_wannaren", "ransom_wannaren\ransom_wannaren.vcxproj", "{5705FFD0-DC6A-48D9-9B32-5CB08E34D93A}"
EndProject
Global
	GlobalSection(SolutionConfigurationPlatforms) = preSolution
		Debug|x64 = Debug|x64
		Debug|x86 = Debug|x86
		Release|x64 = Release|x64
		Release|x86 = Release|x86
	EndGlobalSection
	GlobalSection(ProjectConfigurationPlatforms) = postSolution
		{5705FFD0-DC6A-48D9-9B32-5CB08E34D93A}.Debug|x64.ActiveCfg = Debug|x64
		{5705FFD0-DC6A-48D9-9B32-5CB08E34D93A}.Debug|x64.Build.0 = Debug|x64
		{5705FFD0-DC6A-48D9-9B32-5CB08E34D93A}.Debug|x86.ActiveCfg = Debug|Win32
		{5705FFD0-DC6A-48D9-9B32-5CB08E34D93A}.Debug|x86.Build.0 = Debug|Win32
		{5705FFD0-DC6A-48D9-9B32-5CB08E34D93A}.Release|x64.ActiveCfg = Release|x64
		{5705FFD0-DC6A-48D9-9B32-5CB08E34D93A}.Release|x64.Build.0 = Release|x64
		{5705FFD0-DC6A-48D9-9B32-5CB08E34D93A}.Release|x86.ActiveCfg = Release|Win32
		{5705FFD0-DC6A-48D9-9B32-5CB08E34D93A}.Release|x86.Build.0 = Release|Win32
	EndGlobalSection
	GlobalSection(SolutionProperties) = preSolution
		HideSolutionNode = FALSE
	EndGlobalSection
	GlobalSection(ExtensibilityGlobals) = postSolution
		SolutionGuid = {DFCD47D7-C63B-4CF7-B42D-55C082E43C45}
	EndGlobalSection
EndGlobal
